
Microsoft Visual Studio Solution File, Format Version 12.00
# Visual Studio 2013
VisualStudioVersion = 12.0.30723.0
MinimumVisualStudioVersion = 10.0.40219.1
Project("{FAE04EC0-301F-11D3-BF4B-00C04F79EFBC}") = "OrangeBricks.Web", "OrangeBricks.Web\OrangeBricks.Web.csproj", "{09E3AF0B-9370-4C77-97B4-427F77EE842A}"
EndProject
Project("{FAE04EC0-301F-11D3-BF4B-00C04F79EFBC}") = "OrangeBricks.Web.Tests", "OrangeBricks.Web.Tests\OrangeBricks.Web.Tests.csproj", "{AA9A9899-7AE8-4E5D-84C3-76BD96ACD229}"
EndProject
Global
	GlobalSection(SolutionConfigurationPlatforms) = preSolution
		Debug|Any CPU = Debug|Any CPU
		Release|Any CPU = Release|Any CPU
	EndGlobalSection
	GlobalSection(ProjectConfigurationPlatforms) = postSolution
		{09E3AF0B-9370-4C77-97B4-427F77EE842A}.Debug|Any CPU.ActiveCfg = Debug|Any CPU
		{09E3AF0B-9370-4C77-97B4-427F77EE842A}.Debug|Any CPU.Build.0 = Debug|Any CPU
		{09E3AF0B-9370-4C77-97B4-427F77EE842A}.Release|Any CPU.ActiveCfg = Release|Any CPU
		{09E3AF0B-9370-4C77-97B4-427F77EE842A}.Release|Any CPU.Build.0 = Release|Any CPU
		{AA9A9899-7AE8-4E5D-84C3-76BD96ACD229}.Debug|Any CPU.ActiveCfg = Debug|Any CPU
		{AA9A9899-7AE8-4E5D-84C3-76BD96ACD229}.Debug|Any CPU.Build.0 = Debug|Any CPU
		{AA9A9899-7AE8-4E5D-84C3-76BD96ACD229}.Release|Any CPU.ActiveCfg = Release|Any CPU
		{AA9A9899-7AE8-4E5D-84C3-76BD96ACD229}.Release|Any CPU.Build.0 = Release|Any CPU
	EndGlobalSection
	GlobalSection(SolutionProperties) = preSolution
		HideSolutionNode = FALSE
	EndGlobalSection
EndGlobal
